// !$*UTF8*$!
{
	archiveVersion = 1;
	classes = {
	};
	objectVersion = 70;
	objects = {

/* Begin PBXBuildFile section */
		A2F45AFF2F385BED00D32438 /* WidgetKit.framework in Frameworks */ = {isa = PBXBuildFile; fileRef = A2F45AFE2F385BED00D32438 /* WidgetKit.framework */; };
		A2F45B012F385BED00D32438 /* SwiftUI.framework in Frameworks */ = {isa = PBXBuildFile; fileRef = A2F45B002F385BED00D32438 /* SwiftUI.framework */; };
		A2F45B102F385BF100D32438 /* SpheresWidgetsExtension.appex in Embed Foundation Extensions */ = {isa = PBXBuildFile; fileRef = A2F45AFC2F385BEC00D32438 /* SpheresWidgetsExtension.appex */; settings = {ATTRIBUTES = (RemoveHeadersOnCopy, ); }; };
		B1234567890ABCDEF1234567 /* SpheresApp.swift in Sources */ = {isa = PBXBuildFile; fileRef = B1234567890ABCDEF1234568 /* SpheresApp.swift */; };
		B1234567890ABCDEF1234569 /* ContentView.swift in Sources */ = {isa = PBXBuildFile; fileRef = B1234567890ABCDEF123456A /* ContentView.swift */; };
		B1234567890ABCDEF123456B /* Assets.xcassets in Resources */ = {isa = PBXBuildFile; fileRef = B1234567890ABCDEF123456C /* Assets.xcassets */; };
		B1234567890ABCDEF1234580 /* Models.swift in Sources */ = {isa = PBXBuildFile; fileRef = B1234567890ABCDEF1234581 /* Models.swift */; };
		B1234567890ABCDEF1234582 /* DataManager.swift in Sources */ = {isa = PBXBuildFile; fileRef = B1234567890ABCDEF1234583 /* DataManager.swift */; };
		B1234567890ABCDEF1234590 /* AIService.swift in Sources */ = {isa = PBXBuildFile; fileRef = B1234567890ABCDEF1234591 /* AIService.swift */; };
		B1234567890ABCDEF1234592 /* CalendarService.swift in Sources */ = {isa = PBXBuildFile; fileRef = B1234567890ABCDEF1234593 /* CalendarService.swift */; };
		B1234567890ABCDEF1234594 /* SpeechService.swift in Sources */ = {isa = PBXBuildFile; fileRef = B1234567890ABCDEF1234595 /* SpeechService.swift */; };
		B1234567890ABCDEF1234596 /* CloudKitService.swift in Sources */ = {isa = PBXBuildFile; fileRef = B1234567890ABCDEF1234597 /* CloudKitService.swift */; };
		B1234567890ABCDEF12345A0 /* OnboardingFlow.swift in Sources */ = {isa = PBXBuildFile; fileRef = B1234567890ABCDEF12345A1 /* OnboardingFlow.swift */; };
		B1234567890ABCDEF12345A2 /* PrivacyDashboard.swift in Sources */ = {isa = PBXBuildFile; fileRef = B1234567890ABCDEF12345A3 /* PrivacyDashboard.swift */; };
		B1234567890ABCDEF12345A4 /* PrivacySettingsView.swift in Sources */ = {isa = PBXBuildFile; fileRef = B1234567890ABCDEF12345A5 /* PrivacySettingsView.swift */; };
		B1234567890ABCDEF12345A6 /* OpenLoopExtractor.swift in Sources */ = {isa = PBXBuildFile; fileRef = B1234567890ABCDEF12345A7 /* OpenLoopExtractor.swift */; };
		B1234567890ABCDEF12345B0 /* EnergyIntelligence.swift in Sources */ = {isa = PBXBuildFile; fileRef = B1234567890ABCDEF12345B1 /* EnergyIntelligence.swift */; };
		B1234567890ABCDEF12345B2 /* EnergyOnboarding.swift in Sources */ = {isa = PBXBuildFile; fileRef = B1234567890ABCDEF12345B3 /* EnergyOnboarding.swift */; };
		B1234567890ABCDEF12345B4 /* SmartScheduleView.swift in Sources */ = {isa = PBXBuildFile; fileRef = B1234567890ABCDEF12345B5 /* SmartScheduleView.swift */; };
		B1234567890ABCDEF12345E7 /* SmartSetupService.swift in Sources */ = {isa = PBXBuildFile; fileRef = B1234567890ABCDEF12345E8 /* SmartSetupService.swift */; };
		B1234567890ABCDEF12345E9 /* SmartSetupOnboardingFlow.swift in Sources */ = {isa = PBXBuildFile; fileRef = B1234567890ABCDEF12345EA /* SmartSetupOnboardingFlow.swift */; };
		B1234567890ABCDEF12345C0 /* UserProfileModel.swift in Sources */ = {isa = PBXBuildFile; fileRef = B1234567890ABCDEF12345C1 /* UserProfileModel.swift */; };
		B1234567890ABCDEF12345C2 /* MemoryService.swift in Sources */ = {isa = PBXBuildFile; fileRef = B1234567890ABCDEF12345C3 /* MemoryService.swift */; };
		B1234567890ABCDEF12345C4 /* PersonalizationService.swift in Sources */ = {isa = PBXBuildFile; fileRef = B1234567890ABCDEF12345C5 /* PersonalizationService.swift */; };
		B1234567890ABCDEF12345C6 /* ValuesQuiz.swift in Sources */ = {isa = PBXBuildFile; fileRef = B1234567890ABCDEF12345C7 /* ValuesQuiz.swift */; };
		B1234567890ABCDEF12345C8 /* UnifiedOnboardingFlow.swift in Sources */ = {isa = PBXBuildFile; fileRef = B1234567890ABCDEF12345C9 /* UnifiedOnboardingFlow.swift */; };
		B1234567890ABCDEF12345D0 /* SourceAdapter.swift in Sources */ = {isa = PBXBuildFile; fileRef = B1234567890ABCDEF12345D1 /* SourceAdapter.swift */; };
		B1234567890ABCDEF12345D2 /* RemindersAdapter.swift in Sources */ = {isa = PBXBuildFile; fileRef = B1234567890ABCDEF12345D3 /* RemindersAdapter.swift */; };
		B1234567890ABCDEF12345D4 /* AppleMailAdapter.swift in Sources */ = {isa = PBXBuildFile; fileRef = B1234567890ABCDEF12345D5 /* AppleMailAdapter.swift */; };
		B1234567890ABCDEF12345D6 /* NotesAdapter.swift in Sources */ = {isa = PBXBuildFile; fileRef = B1234567890ABCDEF12345D7 /* NotesAdapter.swift */; };
		B1234567890ABCDEF12345D8 /* VoiceMemosAdapter.swift in Sources */ = {isa = PBXBuildFile; fileRef = B1234567890ABCDEF12345D9 /* VoiceMemosAdapter.swift */; };
		B1234567890ABCDEF12345DA /* IMessageAdapter.swift in Sources */ = {isa = PBXBuildFile; fileRef = B1234567890ABCDEF12345DB /* IMessageAdapter.swift */; };
		B1234567890ABCDEF12345DC /* ProfileSettingsView.swift in Sources */ = {isa = PBXBuildFile; fileRef = B1234567890ABCDEF12345DD /* ProfileSettingsView.swift */; };
		B1234567890ABCDEF12345E1 /* AdaptiveProfileService.swift in Sources */ = {isa = PBXBuildFile; fileRef = B1234567890ABCDEF12345E2 /* AdaptiveProfileService.swift */; };
		B1234567890ABCDEF12345E3 /* AdaptiveTracking.swift in Sources */ = {isa = PBXBuildFile; fileRef = B1234567890ABCDEF12345E4 /* AdaptiveTracking.swift */; };
		B1234567890ABCDEF12345E5 /* ProfileInsightsView.swift in Sources */ = {isa = PBXBuildFile; fileRef = B1234567890ABCDEF12345E6 /* ProfileInsightsView.swift */; };
		F5B7765EE895420999A00618 /* GoogleAuthService.swift in Sources */ = {isa = PBXBuildFile; fileRef = 160E7C155B6D473EAAB5177F /* GoogleAuthService.swift */; };
		817113A0847A40EDAF4928FB /* GmailAdapter.swift in Sources */ = {isa = PBXBuildFile; fileRef = F48E179418D243688691AE52 /* GmailAdapter.swift */; };
		991413A73F4EEE7647A927BA /* SharedComponents.swift in Sources */ = {isa = PBXBuildFile; fileRef = 53218999250AF0A3B493D563 /* SharedComponents.swift */; };
		7454AAD41A93328134FDFC60 /* HomeView.swift in Sources */ = {isa = PBXBuildFile; fileRef = 91BE57856A8E3D35553497FF /* HomeView.swift */; };
		18B25E95D5313614AEF39206 /* SpheresView.swift in Sources */ = {isa = PBXBuildFile; fileRef = A37F2D61D7AB687CB3C682BB /* SpheresView.swift */; };
		9B461562E7E67456B0FD2D47 /* SphereDetailView.swift in Sources */ = {isa = PBXBuildFile; fileRef = 1CB05F07BAC95F117A389BB0 /* SphereDetailView.swift */; };
		FD6748686517C47434BEBA75 /* InboxView.swift in Sources */ = {isa = PBXBuildFile; fileRef = 32C3359DBBEC7F161C3CE3FB /* InboxView.swift */; };
		DF34436B1777EF45424CA9AD /* MindView.swift in Sources */ = {isa = PBXBuildFile; fileRef = 4FFE8139C9F54C3F0C0B4699 /* MindView.swift */; };
		0E6E9633FDCD37BC2F19A970 /* ScheduleView.swift in Sources */ = {isa = PBXBuildFile; fileRef = 0756466E2C4DE9625BBBB291 /* ScheduleView.swift */; };
		3EC441E28AF654033E9200FD /* SettingsView.swift in Sources */ = {isa = PBXBuildFile; fileRef = 4926BAAADD3064BE3BDBA5E9 /* SettingsView.swift */; };
		C8C605E08367E23F9EEE832B /* QuickCaptureOverlay.swift in Sources */ = {isa = PBXBuildFile; fileRef = 30351CA363759558F5E196E0 /* QuickCaptureOverlay.swift */; };
		D8B4F02A3E5C9B17A2F64D81 /* PreviewContent.swift in Sources */ = {isa = PBXBuildFile; fileRef = C7A3E91F2D4B8A06F1E53C70 /* PreviewContent.swift */; };
		E4D2A1B3C5F6789012345679 /* SeedPersonalData.swift in Sources */ = {isa = PBXBuildFile; fileRef = E4D2A1B3C5F6789012345678 /* SeedPersonalData.swift */; };
/* End PBXBuildFile section */

/* Begin PBXContainerItemProxy section */
		A2F45B0E2F385BF100D32438 /* PBXContainerItemProxy */ = {
			isa = PBXContainerItemProxy;
			containerPortal = B1234567890ABCDEF123455D /* Project object */;
			proxyType = 1;
			remoteGlobalIDString = A2F45AFB2F385BEC00D32438;
			remoteInfo = SpheresWidgetsExtension;
		};
/* End PBXContainerItemProxy section */

/* Begin PBXCopyFilesBuildPhase section */
		A2F45B152F385BF100D32438 /* Embed Foundation Extensions */ = {
			isa = PBXCopyFilesBuildPhase;
			buildActionMask = 2147483647;
			dstPath = "";
			dstSubfolderSpec = 13;
			files = (
				A2F45B102F385BF100D32438 /* SpheresWidgetsExtension.appex in Embed Foundation Extensions */,
			);
			name = "Embed Foundation Extensions";
			runOnlyForDeploymentPostprocessing = 0;
		};
/* End PBXCopyFilesBuildPhase section */

/* Begin PBXFileReference section */
		A2F45AFC2F385BEC00D32438 /* SpheresWidgetsExtension.appex */ = {isa = PBXFileReference; explicitFileType = "wrapper.app-extension"; includeInIndex = 0; path = SpheresWidgetsExtension.appex; sourceTree = BUILT_PRODUCTS_DIR; };
		A2F45AFE2F385BED00D32438 /* WidgetKit.framework */ = {isa = PBXFileReference; lastKnownFileType = wrapper.framework; name = WidgetKit.framework; path = System/Library/Frameworks/WidgetKit.framework; sourceTree = SDKROOT; };
		A2F45B002F385BED00D32438 /* SwiftUI.framework */ = {isa = PBXFileReference; lastKnownFileType = wrapper.framework; name = SwiftUI.framework; path = System/Library/Frameworks/SwiftUI.framework; sourceTree = SDKROOT; };
		B1234567890ABCDEF1234565 /* Spheres Multiplatform.app */ = {isa = PBXFileReference; explicitFileType = wrapper.application; includeInIndex = 0; path = "Spheres Multiplatform.app"; sourceTree = BUILT_PRODUCTS_DIR; };
		B1234567890ABCDEF1234568 /* SpheresApp.swift */ = {isa = PBXFileReference; lastKnownFileType = sourcecode.swift; path = SpheresApp.swift; sourceTree = "<group>"; };
		B1234567890ABCDEF123456A /* ContentView.swift */ = {isa = PBXFileReference; lastKnownFileType = sourcecode.swift; path = ContentView.swift; sourceTree = "<group>"; };
		B1234567890ABCDEF123456C /* Assets.xcassets */ = {isa = PBXFileReference; lastKnownFileType = folder.assetcatalog; path = Assets.xcassets; sourceTree = "<group>"; };
		B1234567890ABCDEF1234581 /* Models.swift */ = {isa = PBXFileReference; lastKnownFileType = sourcecode.swift; path = Models.swift; sourceTree = "<group>"; };
		B1234567890ABCDEF1234583 /* DataManager.swift */ = {isa = PBXFileReference; lastKnownFileType = sourcecode.swift; path = DataManager.swift; sourceTree = "<group>"; };
		B1234567890ABCDEF1234591 /* AIService.swift */ = {isa = PBXFileReference; lastKnownFileType = sourcecode.swift; path = AIService.swift; sourceTree = "<group>"; };
		B1234567890ABCDEF1234593 /* CalendarService.swift */ = {isa = PBXFileReference; lastKnownFileType = sourcecode.swift; path = CalendarService.swift; sourceTree = "<group>"; };
		B1234567890ABCDEF1234595 /* SpeechService.swift */ = {isa = PBXFileReference; lastKnownFileType = sourcecode.swift; path = SpeechService.swift; sourceTree = "<group>"; };
		B1234567890ABCDEF1234597 /* CloudKitService.swift */ = {isa = PBXFileReference; lastKnownFileType = sourcecode.swift; path = CloudKitService.swift; sourceTree = "<group>"; };
		B1234567890ABCDEF12345A1 /* OnboardingFlow.swift */ = {isa = PBXFileReference; lastKnownFileType = sourcecode.swift; path = OnboardingFlow.swift; sourceTree = "<group>"; };
		B1234567890ABCDEF12345A3 /* PrivacyDashboard.swift */ = {isa = PBXFileReference; lastKnownFileType = sourcecode.swift; path = PrivacyDashboard.swift; sourceTree = "<group>"; };
		B1234567890ABCDEF12345A5 /* PrivacySettingsView.swift */ = {isa = PBXFileReference; lastKnownFileType = sourcecode.swift; path = PrivacySettingsView.swift; sourceTree = "<group>"; };
		B1234567890ABCDEF12345A7 /* OpenLoopExtractor.swift */ = {isa = PBXFileReference; lastKnownFileType = sourcecode.swift; path = OpenLoopExtractor.swift; sourceTree = "<group>"; };
		B1234567890ABCDEF12345B1 /* EnergyIntelligence.swift */ = {isa = PBXFileReference; lastKnownFileType = sourcecode.swift; path = EnergyIntelligence.swift; sourceTree = "<group>"; };
		B1234567890ABCDEF12345B3 /* EnergyOnboarding.swift */ = {isa = PBXFileReference; lastKnownFileType = sourcecode.swift; path = EnergyOnboarding.swift; sourceTree = "<group>"; };
		B1234567890ABCDEF12345B5 /* SmartScheduleView.swift */ = {isa = PBXFileReference; lastKnownFileType = sourcecode.swift; path = SmartScheduleView.swift; sourceTree = "<group>"; };
		B1234567890ABCDEF12345E8 /* SmartSetupService.swift */ = {isa = PBXFileReference; lastKnownFileType = sourcecode.swift; path = SmartSetupService.swift; sourceTree = "<group>"; };
		B1234567890ABCDEF12345EA /* SmartSetupOnboardingFlow.swift */ = {isa = PBXFileReference; lastKnownFileType = sourcecode.swift; path = SmartSetupOnboardingFlow.swift; sourceTree = "<group>"; };
		B1234567890ABCDEF12345C1 /* UserProfileModel.swift */ = {isa = PBXFileReference; lastKnownFileType = sourcecode.swift; path = UserProfileModel.swift; sourceTree = "<group>"; };
		B1234567890ABCDEF12345C3 /* MemoryService.swift */ = {isa = PBXFileReference; lastKnownFileType = sourcecode.swift; path = MemoryService.swift; sourceTree = "<group>"; };
		B1234567890ABCDEF12345C5 /* PersonalizationService.swift */ = {isa = PBXFileReference; lastKnownFileType = sourcecode.swift; path = PersonalizationService.swift; sourceTree = "<group>"; };
		B1234567890ABCDEF12345C7 /* ValuesQuiz.swift */ = {isa = PBXFileReference; lastKnownFileType = sourcecode.swift; path = ValuesQuiz.swift; sourceTree = "<group>"; };
		B1234567890ABCDEF12345C9 /* UnifiedOnboardingFlow.swift */ = {isa = PBXFileReference; lastKnownFileType = sourcecode.swift; path = UnifiedOnboardingFlow.swift; sourceTree = "<group>"; };
		B1234567890ABCDEF12345D1 /* SourceAdapter.swift */ = {isa = PBXFileReference; lastKnownFileType = sourcecode.swift; path = SourceAdapter.swift; sourceTree = "<group>"; };
		B1234567890ABCDEF12345D3 /* RemindersAdapter.swift */ = {isa = PBXFileReference; lastKnownFileType = sourcecode.swift; path = RemindersAdapter.swift; sourceTree = "<group>"; };
		B1234567890ABCDEF12345D5 /* AppleMailAdapter.swift */ = {isa = PBXFileReference; lastKnownFileType = sourcecode.swift; path = AppleMailAdapter.swift; sourceTree = "<group>"; };
		B1234567890ABCDEF12345D7 /* NotesAdapter.swift */ = {isa = PBXFileReference; lastKnownFileType = sourcecode.swift; path = NotesAdapter.swift; sourceTree = "<group>"; };
		B1234567890ABCDEF12345D9 /* VoiceMemosAdapter.swift */ = {isa = PBXFileReference; lastKnownFileType = sourcecode.swift; path = VoiceMemosAdapter.swift; sourceTree = "<group>"; };
		B1234567890ABCDEF12345DB /* IMessageAdapter.swift */ = {isa = PBXFileReference; lastKnownFileType = sourcecode.swift; path = IMessageAdapter.swift; sourceTree = "<group>"; };
		B1234567890ABCDEF12345DD /* ProfileSettingsView.swift */ = {isa = PBXFileReference; lastKnownFileType = sourcecode.swift; path = ProfileSettingsView.swift; sourceTree = "<group>"; };
		B1234567890ABCDEF12345E2 /* AdaptiveProfileService.swift */ = {isa = PBXFileReference; lastKnownFileType = sourcecode.swift; path = AdaptiveProfileService.swift; sourceTree = "<group>"; };
		B1234567890ABCDEF12345E4 /* AdaptiveTracking.swift */ = {isa = PBXFileReference; lastKnownFileType = sourcecode.swift; path = AdaptiveTracking.swift; sourceTree = "<group>"; };
		B1234567890ABCDEF12345E6 /* ProfileInsightsView.swift */ = {isa = PBXFileReference; lastKnownFileType = sourcecode.swift; path = ProfileInsightsView.swift; sourceTree = "<group>"; };
		160E7C155B6D473EAAB5177F /* GoogleAuthService.swift */ = {isa = PBXFileReference; lastKnownFileType = sourcecode.swift; path = GoogleAuthService.swift; sourceTree = "<group>"; };
		F48E179418D243688691AE52 /* GmailAdapter.swift */ = {isa = PBXFileReference; lastKnownFileType = sourcecode.swift; path = GmailAdapter.swift; sourceTree = "<group>"; };
		53218999250AF0A3B493D563 /* SharedComponents.swift */ = {isa = PBXFileReference; lastKnownFileType = sourcecode.swift; path = SharedComponents.swift; sourceTree = "<group>"; };
		91BE57856A8E3D35553497FF /* HomeView.swift */ = {isa = PBXFileReference; lastKnownFileType = sourcecode.swift; path = HomeView.swift; sourceTree = "<group>"; };
		A37F2D61D7AB687CB3C682BB /* SpheresView.swift */ = {isa = PBXFileReference; lastKnownFileType = sourcecode.swift; path = SpheresView.swift; sourceTree = "<group>"; };
		1CB05F07BAC95F117A389BB0 /* SphereDetailView.swift */ = {isa = PBXFileReference; lastKnownFileType = sourcecode.swift; path = SphereDetailView.swift; sourceTree = "<group>"; };
		32C3359DBBEC7F161C3CE3FB /* InboxView.swift */ = {isa = PBXFileReference; lastKnownFileType = sourcecode.swift; path = InboxView.swift; sourceTree = "<group>"; };
		4FFE8139C9F54C3F0C0B4699 /* MindView.swift */ = {isa = PBXFileReference; lastKnownFileType = sourcecode.swift; path = MindView.swift; sourceTree = "<group>"; };
		0756466E2C4DE9625BBBB291 /* ScheduleView.swift */ = {isa = PBXFileReference; lastKnownFileType = sourcecode.swift; path = ScheduleView.swift; sourceTree = "<group>"; };
		4926BAAADD3064BE3BDBA5E9 /* SettingsView.swift */ = {isa = PBXFileReference; lastKnownFileType = sourcecode.swift; path = SettingsView.swift; sourceTree = "<group>"; };
		30351CA363759558F5E196E0 /* QuickCaptureOverlay.swift */ = {isa = PBXFileReference; lastKnownFileType = sourcecode.swift; path = QuickCaptureOverlay.swift; sourceTree = "<group>"; };
		C7A3E91F2D4B8A06F1E53C70 /* PreviewContent.swift */ = {isa = PBXFileReference; lastKnownFileType = sourcecode.swift; path = PreviewContent.swift; sourceTree = "<group>"; };
		E4D2A1B3C5F6789012345678 /* SeedPersonalData.swift */ = {isa = PBXFileReference; lastKnownFileType = sourcecode.swift; path = SeedPersonalData.swift; sourceTree = "<group>"; };
/* End PBXFileReference section */

/* Begin PBXFileSystemSynchronizedBuildFileExceptionSet section */
		A2F45B112F385BF100D32438 /* PBXFileSystemSynchronizedBuildFileExceptionSet */ = {
			isa = PBXFileSystemSynchronizedBuildFileExceptionSet;
			membershipExceptions = (
				Info.plist,
			);
			target = A2F45AFB2F385BEC00D32438 /* SpheresWidgetsExtension */;
		};
/* End PBXFileSystemSynchronizedBuildFileExceptionSet section */

/* Begin PBXFileSystemSynchronizedRootGroup section */
		A2F45B022F385BED00D32438 /* SpheresWidgets */ = {isa = PBXFileSystemSynchronizedRootGroup; exceptions = (A2F45B112F385BF100D32438 /* PBXFileSystemSynchronizedBuildFileExceptionSet */, ); explicitFileTypes = {}; explicitFolders = (); path = SpheresWidgets; sourceTree = "<group>"; };
/* End PBXFileSystemSynchronizedRootGroup section */

/* Begin PBXFrameworksBuildPhase section */
		A2F45AF92F385BEC00D32438 /* Frameworks */ = {
			isa = PBXFrameworksBuildPhase;
			buildActionMask = 2147483647;
			files = (
				A2F45B012F385BED00D32438 /* SwiftUI.framework in Frameworks */,
				A2F45AFF2F385BED00D32438 /* WidgetKit.framework in Frameworks */,
			);
			runOnlyForDeploymentPostprocessing = 0;
		};
		B1234567890ABCDEF1234562 /* Frameworks */ = {
			isa = PBXFrameworksBuildPhase;
			buildActionMask = 2147483647;
			files = (
			);
			runOnlyForDeploymentPostprocessing = 0;
		};
/* End PBXFrameworksBuildPhase section */

/* Begin PBXGroup section */
		A2F45AFD2F385BED00D32438 /* Frameworks */ = {
			isa = PBXGroup;
			children = (
				A2F45AFE2F385BED00D32438 /* WidgetKit.framework */,
				A2F45B002F385BED00D32438 /* SwiftUI.framework */,
			);
			name = Frameworks;
			sourceTree = "<group>";
		};
		B1234567890ABCDEF123455B = {
			isa = PBXGroup;
			children = (
				B1234567890ABCDEF123455C /* Spheres Multiplatform */,
				A2F45B022F385BED00D32438 /* SpheresWidgets */,
				A2F45AFD2F385BED00D32438 /* Frameworks */,
				B1234567890ABCDEF1234566 /* Products */,
			);
			sourceTree = "<group>";
		};
		B1234567890ABCDEF123455C /* Spheres Multiplatform */ = {
			isa = PBXGroup;
			children = (
				B1234567890ABCDEF1234568 /* SpheresApp.swift */,
				B1234567890ABCDEF123456A /* ContentView.swift */,
				B1234567890ABCDEF1234581 /* Models.swift */,
				B1234567890ABCDEF1234583 /* DataManager.swift */,
				B1234567890ABCDEF1234591 /* AIService.swift */,
				B1234567890ABCDEF1234593 /* CalendarService.swift */,
				B1234567890ABCDEF1234595 /* SpeechService.swift */,
				B1234567890ABCDEF1234597 /* CloudKitService.swift */,
				B1234567890ABCDEF12345A1 /* OnboardingFlow.swift */,
				B1234567890ABCDEF12345A3 /* PrivacyDashboard.swift */,
				B1234567890ABCDEF12345A5 /* PrivacySettingsView.swift */,
				B1234567890ABCDEF12345A7 /* OpenLoopExtractor.swift */,
				B1234567890ABCDEF12345B1 /* EnergyIntelligence.swift */,
				B1234567890ABCDEF12345B3 /* EnergyOnboarding.swift */,
				B1234567890ABCDEF12345B5 /* SmartScheduleView.swift */,
				B1234567890ABCDEF12345E8 /* SmartSetupService.swift */,
				B1234567890ABCDEF12345EA /* SmartSetupOnboardingFlow.swift */,
				160E7C155B6D473EAAB5177F /* GoogleAuthService.swift */,
				B1234567890ABCDEF12345C1 /* UserProfileModel.swift */,
				B1234567890ABCDEF12345C3 /* MemoryService.swift */,
				B1234567890ABCDEF12345C5 /* PersonalizationService.swift */,
				B1234567890ABCDEF12345C7 /* ValuesQuiz.swift */,
				B1234567890ABCDEF12345C9 /* UnifiedOnboardingFlow.swift */,
				B1234567890ABCDEF12345DD /* ProfileSettingsView.swift */,
				B1234567890ABCDEF12345E2 /* AdaptiveProfileService.swift */,
				B1234567890ABCDEF12345E4 /* AdaptiveTracking.swift */,
				B1234567890ABCDEF12345E6 /* ProfileInsightsView.swift */,
				B1234567890ABCDEF12345E0 /* SourceAdapters */,
				53218999250AF0A3B493D563 /* SharedComponents.swift */,
				91BE57856A8E3D35553497FF /* HomeView.swift */,
				A37F2D61D7AB687CB3C682BB /* SpheresView.swift */,
				1CB05F07BAC95F117A389BB0 /* SphereDetailView.swift */,
				32C3359DBBEC7F161C3CE3FB /* InboxView.swift */,
				4FFE8139C9F54C3F0C0B4699 /* MindView.swift */,
				0756466E2C4DE9625BBBB291 /* ScheduleView.swift */,
				4926BAAADD3064BE3BDBA5E9 /* SettingsView.swift */,
				30351CA363759558F5E196E0 /* QuickCaptureOverlay.swift */,
				C7A3E91F2D4B8A06F1E53C70 /* PreviewContent.swift */,
				E4D2A1B3C5F6789012345678 /* SeedPersonalData.swift */,
				B1234567890ABCDEF123456C /* Assets.xcassets */,
			);
			path = "Spheres Multiplatform";
			sourceTree = "<group>";
		};
		B1234567890ABCDEF1234566 /* Products */ = {
			isa = PBXGroup;
			children = (
				B1234567890ABCDEF1234565 /* Spheres Multiplatform.app */,
				A2F45AFC2F385BEC00D32438 /* SpheresWidgetsExtension.appex */,
			);
			name = Products;
			sourceTree = "<group>";
		};
		B1234567890ABCDEF12345E0 /* SourceAdapters */ = {
			isa = PBXGroup;
			children = (
				B1234567890ABCDEF12345D1 /* SourceAdapter.swift */,
				B1234567890ABCDEF12345D3 /* RemindersAdapter.swift */,
				B1234567890ABCDEF12345D5 /* AppleMailAdapter.swift */,
				B1234567890ABCDEF12345D7 /* NotesAdapter.swift */,
				B1234567890ABCDEF12345D9 /* VoiceMemosAdapter.swift */,
				B1234567890ABCDEF12345DB /* IMessageAdapter.swift */,
				F48E179418D243688691AE52 /* GmailAdapter.swift */,
			);
			path = SourceAdapters;
			sourceTree = "<group>";
		};
/* End PBXGroup section */

/* Begin PBXNativeTarget section */
		A2F45AFB2F385BEC00D32438 /* SpheresWidgetsExtension */ = {
			isa = PBXNativeTarget;
			buildConfigurationList = A2F45B122F385BF100D32438 /* Build configuration list for PBXNativeTarget "SpheresWidgetsExtension" */;
			buildPhases = (
				A2F45AF82F385BEC00D32438 /* Sources */,
				A2F45AF92F385BEC00D32438 /* Frameworks */,
				A2F45AFA2F385BEC00D32438 /* Resources */,
			);
			buildRules = (
			);
			dependencies = (
			);
			fileSystemSynchronizedGroups = (
				A2F45B022F385BED00D32438 /* SpheresWidgets */,
			);
			name = SpheresWidgetsExtension;
			packageProductDependencies = (
			);
			productName = SpheresWidgetsExtension;
			productReference = A2F45AFC2F385BEC00D32438 /* SpheresWidgetsExtension.appex */;
			productType = "com.apple.product-type.app-extension";
		};
		B1234567890ABCDEF1234564 /* Spheres Multiplatform */ = {
			isa = PBXNativeTarget;
			buildConfigurationList = B1234567890ABCDEF1234570 /* Build configuration list for PBXNativeTarget "Spheres Multiplatform" */;
			buildPhases = (
				B1234567890ABCDEF1234561 /* Sources */,
				B1234567890ABCDEF1234562 /* Frameworks */,
				B1234567890ABCDEF1234563 /* Resources */,
				A2F45B152F385BF100D32438 /* Embed Foundation Extensions */,
			);
			buildRules = (
			);
			dependencies = (
				A2F45B0F2F385BF100D32438 /* PBXTargetDependency */,
			);
			name = "Spheres Multiplatform";
			productName = "Spheres Multiplatform";
			productReference = B1234567890ABCDEF1234565 /* Spheres Multiplatform.app */;
			productType = "com.apple.product-type.application";
		};
/* End PBXNativeTarget section */

/* Begin PBXProject section */
		B1234567890ABCDEF123455D /* Project object */ = {
			isa = PBXProject;
			attributes = {
				BuildIndependentTargetsInParallel = 1;
				LastSwiftUpdateCheck = 2620;
				LastUpgradeCheck = 1640;
				TargetAttributes = {
					A2F45AFB2F385BEC00D32438 = {
						CreatedOnToolsVersion = 26.2;
					};
					B1234567890ABCDEF1234564 = {
						CreatedOnToolsVersion = 16.4;
					};
				};
			};
			buildConfigurationList = B1234567890ABCDEF1234560 /* Build configuration list for PBXProject "Spheres Multiplatform" */;
			compatibilityVersion = "Xcode 14.0";
			developmentRegion = en;
			hasScannedForEncodings = 0;
			knownRegions = (
				en,
				Base,
			);
			mainGroup = B1234567890ABCDEF123455B;
			productRefGroup = B1234567890ABCDEF1234566 /* Products */;
			projectDirPath = "";
			projectRoot = "";
			targets = (
				B1234567890ABCDEF1234564 /* Spheres Multiplatform */,
				A2F45AFB2F385BEC00D32438 /* SpheresWidgetsExtension */,
			);
		};
/* End PBXProject section */

/* Begin PBXResourcesBuildPhase section */
		A2F45AFA2F385BEC00D32438 /* Resources */ = {
			isa = PBXResourcesBuildPhase;
			buildActionMask = 2147483647;
			files = (
			);
			runOnlyForDeploymentPostprocessing = 0;
		};
		B1234567890ABCDEF1234563 /* Resources */ = {
			isa = PBXResourcesBuildPhase;
			buildActionMask = 2147483647;
			files = (
				B1234567890ABCDEF123456B /* Assets.xcassets in Resources */,
			);
			runOnlyForDeploymentPostprocessing = 0;
		};
/* End PBXResourcesBuildPhase section */

/* Begin PBXSourcesBuildPhase section */
		A2F45AF82F385BEC00D32438 /* Sources */ = {
			isa = PBXSourcesBuildPhase;
			buildActionMask = 2147483647;
			files = (
			
);
			runOnlyForDeploymentPostprocessing = 0;
		};
		B1234567890ABCDEF1234561 /* Sources */ = {
			isa = PBXSourcesBuildPhase;
			buildActionMask = 2147483647;
			files = (
				B1234567890ABCDEF1234569 /* ContentView.swift in Sources */,
				B1234567890ABCDEF1234567 /* SpheresApp.swift in Sources */,
				B1234567890ABCDEF1234580 /* Models.swift in Sources */,
				B1234567890ABCDEF1234582 /* DataManager.swift in Sources */,
				B1234567890ABCDEF1234590 /* AIService.swift in Sources */,
				B1234567890ABCDEF1234592 /* CalendarService.swift in Sources */,
				B1234567890ABCDEF1234594 /* SpeechService.swift in Sources */,
				B1234567890ABCDEF1234596 /* CloudKitService.swift in Sources */,
				B1234567890ABCDEF12345A0 /* OnboardingFlow.swift in Sources */,
				B1234567890ABCDEF12345A2 /* PrivacyDashboard.swift in Sources */,
				B1234567890ABCDEF12345A4 /* PrivacySettingsView.swift in Sources */,
				B1234567890ABCDEF12345A6 /* OpenLoopExtractor.swift in Sources */,
				B1234567890ABCDEF12345B0 /* EnergyIntelligence.swift in Sources */,
				B1234567890ABCDEF12345B2 /* EnergyOnboarding.swift in Sources */,
				B1234567890ABCDEF12345B4 /* SmartScheduleView.swift in Sources */,
				B1234567890ABCDEF12345E7 /* SmartSetupService.swift in Sources */,
				B1234567890ABCDEF12345E9 /* SmartSetupOnboardingFlow.swift in Sources */,
				F5B7765EE895420999A00618 /* GoogleAuthService.swift in Sources */,
				817113A0847A40EDAF4928FB /* GmailAdapter.swift in Sources */,
				B1234567890ABCDEF12345C0 /* UserProfileModel.swift in Sources */,
				B1234567890ABCDEF12345C2 /* MemoryService.swift in Sources */,
				B1234567890ABCDEF12345C4 /* PersonalizationService.swift in Sources */,
				B1234567890ABCDEF12345C6 /* ValuesQuiz.swift in Sources */,
				B1234567890ABCDEF12345C8 /* UnifiedOnboardingFlow.swift in Sources */,
				B1234567890ABCDEF12345D0 /* SourceAdapter.swift in Sources */,
				B1234567890ABCDEF12345D2 /* RemindersAdapter.swift in Sources */,
				B1234567890ABCDEF12345D4 /* AppleMailAdapter.swift in Sources */,
				B1234567890ABCDEF12345D6 /* NotesAdapter.swift in Sources */,
				B1234567890ABCDEF12345D8 /* VoiceMemosAdapter.swift in Sources */,
				B1234567890ABCDEF12345DA /* IMessageAdapter.swift in Sources */,
				B1234567890ABCDEF12345DC /* ProfileSettingsView.swift in Sources */,
				B1234567890ABCDEF12345E1 /* AdaptiveProfileService.swift in Sources */,
				B1234567890ABCDEF12345E3 /* AdaptiveTracking.swift in Sources */,
				B1234567890ABCDEF12345E5 /* ProfileInsightsView.swift in Sources */,
				991413A73F4EEE7647A927BA /* SharedComponents.swift in Sources */,
				7454AAD41A93328134FDFC60 /* HomeView.swift in Sources */,
				18B25E95D5313614AEF39206 /* SpheresView.swift in Sources */,
				9B461562E7E67456B0FD2D47 /* SphereDetailView.swift in Sources */,
				FD6748686517C47434BEBA75 /* InboxView.swift in Sources */,
				DF34436B1777EF45424CA9AD /* MindView.swift in Sources */,
				0E6E9633FDCD37BC2F19A970 /* ScheduleView.swift in Sources */,
				3EC441E28AF654033E9200FD /* SettingsView.swift in Sources */,
				C8C605E08367E23F9EEE832B /* QuickCaptureOverlay.swift in Sources */,
				D8B4F02A3E5C9B17A2F64D81 /* PreviewContent.swift in Sources */,
				E4D2A1B3C5F6789012345679 /* SeedPersonalData.swift in Sources */,
			);
			runOnlyForDeploymentPostprocessing = 0;
		};
/* End PBXSourcesBuildPhase section */

/* Begin PBXTargetDependency section */
		A2F45B0F2F385BF100D32438 /* PBXTargetDependency */ = {
			isa = PBXTargetDependency;
			target = A2F45AFB2F385BEC00D32438 /* SpheresWidgetsExtension */;
			targetProxy = A2F45B0E2F385BF100D32438 /* PBXContainerItemProxy */;
		};
/* End PBXTargetDependency section */

/* Begin XCBuildConfiguration section */
		A2F45B132F385BF100D32438 /* Debug */ = {
			isa = XCBuildConfiguration;
			buildSettings = {
				ASSETCATALOG_COMPILER_GLOBAL_ACCENT_COLOR_NAME = AccentColor;
				ASSETCATALOG_COMPILER_WIDGET_BACKGROUND_COLOR_NAME = WidgetBackground;
				CODE_SIGN_STYLE = Automatic;
				CURRENT_PROJECT_VERSION = 1;
				DEVELOPMENT_TEAM = 7RTTC5R7ZQ;
				ENABLE_APP_SANDBOX = YES;
				ENABLE_HARDENED_RUNTIME = YES;
				GENERATE_INFOPLIST_FILE = YES;
				INFOPLIST_FILE = SpheresWidgets/Info.plist;
				INFOPLIST_KEY_CFBundleDisplayName = SpheresWidgets;
				INFOPLIST_KEY_NSHumanReadableCopyright = "";
				LD_RUNPATH_SEARCH_PATHS = (
					"$(inherited)",
					"@executable_path/../Frameworks",
					"@executable_path/../../../../Frameworks",
				);
				MACOSX_DEPLOYMENT_TARGET = 26.2;
				MARKETING_VERSION = 1.0;
				PRODUCT_BUNDLE_IDENTIFIER = com.naomiivie.SpheresMultiplatform.SpheresWidgets;
				PRODUCT_NAME = "$(TARGET_NAME)";
				SDKROOT = macosx;
				SKIP_INSTALL = YES;
				STRING_CATALOG_GENERATE_SYMBOLS = YES;
				SWIFT_APPROACHABLE_CONCURRENCY = YES;
				SWIFT_EMIT_LOC_STRINGS = YES;
				SWIFT_UPCOMING_FEATURE_MEMBER_IMPORT_VISIBILITY = YES;
				SWIFT_VERSION = 5.0;
			};
			name = Debug;
		};
		A2F45B142F385BF100D32438 /* Release */ = {
			isa = XCBuildConfiguration;
			buildSettings = {
				ASSETCATALOG_COMPILER_GLOBAL_ACCENT_COLOR_NAME = AccentColor;
				ASSETCATALOG_COMPILER_WIDGET_BACKGROUND_COLOR_NAME = WidgetBackground;
				CODE_SIGN_STYLE = Automatic;
				CURRENT_PROJECT_VERSION = 1;
				DEVELOPMENT_TEAM = 7RTTC5R7ZQ;
				ENABLE_APP_SANDBOX = YES;
				ENABLE_HARDENED_RUNTIME = YES;
				GENERATE_INFOPLIST_FILE = YES;
				INFOPLIST_FILE = SpheresWidgets/Info.plist;
				INFOPLIST_KEY_CFBundleDisplayName = SpheresWidgets;
				INFOPLIST_KEY_NSHumanReadableCopyright = "";
				LD_RUNPATH_SEARCH_PATHS = (
					"$(inherited)",
					"@executable_path/../Frameworks",
					"@executable_path/../../../../Frameworks",
				);
				MACOSX_DEPLOYMENT_TARGET = 26.2;
				MARKETING_VERSION = 1.0;
				PRODUCT_BUNDLE_IDENTIFIER = com.naomiivie.SpheresMultiplatform.SpheresWidgets;
				PRODUCT_NAME = "$(TARGET_NAME)";
				SDKROOT = macosx;
				SKIP_INSTALL = YES;
				STRING_CATALOG_GENERATE_SYMBOLS = YES;
				SWIFT_APPROACHABLE_CONCURRENCY = YES;
				SWIFT_EMIT_LOC_STRINGS = YES;
				SWIFT_UPCOMING_FEATURE_MEMBER_IMPORT_VISIBILITY = YES;
				SWIFT_VERSION = 5.0;
			};
			name = Release;
		};
		B1234567890ABCDEF123456E /* Debug */ = {
			isa = XCBuildConfiguration;
			buildSettings = {
				ALWAYS_SEARCH_USER_PATHS = NO;
				ASSETCATALOG_COMPILER_GENERATE_SWIFT_ASSET_SYMBOL_EXTENSIONS = YES;
				CLANG_ANALYZER_NONNULL = YES;
				CLANG_ANALYZER_NUMBER_OBJECT_CONVERSION = YES_AGGRESSIVE;
				CLANG_CXX_LANGUAGE_STANDARD = "gnu++20";
				CLANG_ENABLE_MODULES = YES;
				CLANG_ENABLE_OBJC_ARC = YES;
				CLANG_ENABLE_OBJC_WEAK = YES;
				CLANG_WARN_BLOCK_CAPTURE_AUTORELEASING = YES;
				CLANG_WARN_BOOL_CONVERSION = YES;
				CLANG_WARN_COMMA = YES;
				CLANG_WARN_CONSTANT_CONVERSION = YES;
				CLANG_WARN_DEPRECATED_OBJC_IMPLEMENTATIONS = YES;
				CLANG_WARN_DIRECT_OBJC_ISA_USAGE = YES_ERROR;
				CLANG_WARN_DOCUMENTATION_COMMENTS = YES;
				CLANG_WARN_EMPTY_BODY = YES;
				CLANG_WARN_ENUM_CONVERSION = YES;
				CLANG_WARN_INFINITE_RECURSION = YES;
				CLANG_WARN_INT_CONVERSION = YES;
				CLANG_WARN_NON_LITERAL_NULL_CONVERSION = YES;
				CLANG_WARN_OBJC_IMPLICIT_RETAIN_SELF = YES;
				CLANG_WARN_OBJC_LITERAL_CONVERSION = YES;
				CLANG_WARN_OBJC_ROOT_CLASS = YES_ERROR;
				CLANG_WARN_QUOTED_INCLUDE_IN_FRAMEWORK_HEADER = YES;
				CLANG_WARN_RANGE_LOOP_ANALYSIS = YES;
				CLANG_WARN_STRICT_PROTOTYPES = YES;
				CLANG_WARN_SUSPICIOUS_MOVE = YES;
				CLANG_WARN_UNGUARDED_AVAILABILITY = YES_AGGRESSIVE;
				CLANG_WARN_UNREACHABLE_CODE = YES;
				CLANG_WARN__DUPLICATE_METHOD_MATCH = YES;
				COPY_PHASE_STRIP = NO;
				DEBUG_INFORMATION_FORMAT = dwarf;
				ENABLE_STRICT_OBJC_MSGSEND = YES;
				ENABLE_TESTABILITY = YES;
				ENABLE_USER_SCRIPT_SANDBOXING = YES;
				GCC_C_LANGUAGE_STANDARD = gnu17;
				GCC_DYNAMIC_NO_PIC = NO;
				GCC_NO_COMMON_BLOCKS = YES;
				GCC_OPTIMIZATION_LEVEL = 0;
				GCC_PREPROCESSOR_DEFINITIONS = (
					"DEBUG=1",
					"$(inherited)",
				);
				GCC_WARN_64_TO_32_BIT_CONVERSION = YES;
				GCC_WARN_ABOUT_RETURN_TYPE = YES_ERROR;
				GCC_WARN_UNDECLARED_SELECTOR = YES;
				GCC_WARN_UNINITIALIZED_AUTOS = YES_AGGRESSIVE;
				GCC_WARN_UNUSED_FUNCTION = YES;
				GCC_WARN_UNUSED_VARIABLE = YES;
				LOCALIZATION_PREFERS_STRING_CATALOGS = YES;
				MTL_ENABLE_DEBUG_INFO = INCLUDE_SOURCE;
				MTL_FAST_MATH = YES;
				ONLY_ACTIVE_ARCH = YES;
				SDKROOT = auto;
				SWIFT_ACTIVE_COMPILATION_CONDITIONS = "DEBUG $(inherited)";
				SWIFT_OPTIMIZATION_LEVEL = "-Onone";
			};
			name = Debug;
		};
		B1234567890ABCDEF123456F /* Release */ = {
			isa = XCBuildConfiguration;
			buildSettings = {
				ALWAYS_SEARCH_USER_PATHS = NO;
				ASSETCATALOG_COMPILER_GENERATE_SWIFT_ASSET_SYMBOL_EXTENSIONS = YES;
				CLANG_ANALYZER_NONNULL = YES;
				CLANG_ANALYZER_NUMBER_OBJECT_CONVERSION = YES_AGGRESSIVE;
				CLANG_CXX_LANGUAGE_STANDARD = "gnu++20";
				CLANG_ENABLE_MODULES = YES;
				CLANG_ENABLE_OBJC_ARC = YES;
				CLANG_ENABLE_OBJC_WEAK = YES;
				CLANG_WARN_BLOCK_CAPTURE_AUTORELEASING = YES;
				CLANG_WARN_BOOL_CONVERSION = YES;
				CLANG_WARN_COMMA = YES;
				CLANG_WARN_CONSTANT_CONVERSION = YES;
				CLANG_WARN_DEPRECATED_OBJC_IMPLEMENTATIONS = YES;
				CLANG_WARN_DIRECT_OBJC_ISA_USAGE = YES_ERROR;
				CLANG_WARN_DOCUMENTATION_COMMENTS = YES;
				CLANG_WARN_EMPTY_BODY = YES;
				CLANG_WARN_ENUM_CONVERSION = YES;
				CLANG_WARN_INFINITE_RECURSION = YES;
				CLANG_WARN_INT_CONVERSION = YES;
				CLANG_WARN_NON_LITERAL_NULL_CONVERSION = YES;
				CLANG_WARN_OBJC_IMPLICIT_RETAIN_SELF = YES;
				CLANG_WARN_OBJC_LITERAL_CONVERSION = YES;
				CLANG_WARN_OBJC_ROOT_CLASS = YES_ERROR;
				CLANG_WARN_QUOTED_INCLUDE_IN_FRAMEWORK_HEADER = YES;
				CLANG_WARN_RANGE_LOOP_ANALYSIS = YES;
				CLANG_WARN_STRICT_PROTOTYPES = YES;
				CLANG_WARN_SUSPICIOUS_MOVE = YES;
				CLANG_WARN_UNGUARDED_AVAILABILITY = YES_AGGRESSIVE;
				CLANG_WARN_UNREACHABLE_CODE = YES;
				CLANG_WARN__DUPLICATE_METHOD_MATCH = YES;
				COPY_PHASE_STRIP = NO;
				DEBUG_INFORMATION_FORMAT = "dwarf-with-dsym";
				ENABLE_NS_ASSERTIONS = NO;
				ENABLE_STRICT_OBJC_MSGSEND = YES;
				ENABLE_USER_SCRIPT_SANDBOXING = YES;
				GCC_C_LANGUAGE_STANDARD = gnu17;
				GCC_NO_COMMON_BLOCKS = YES;
				GCC_WARN_64_TO_32_BIT_CONVERSION = YES;
				GCC_WARN_ABOUT_RETURN_TYPE = YES_ERROR;
				GCC_WARN_UNDECLARED_SELECTOR = YES;
				GCC_WARN_UNINITIALIZED_AUTOS = YES_AGGRESSIVE;
				GCC_WARN_UNUSED_FUNCTION = YES;
				GCC_WARN_UNUSED_VARIABLE = YES;
				LOCALIZATION_PREFERS_STRING_CATALOGS = YES;
				MTL_ENABLE_DEBUG_INFO = NO;
				MTL_FAST_MATH = YES;
				SDKROOT = auto;
				SWIFT_COMPILATION_MODE = wholemodule;
				VALIDATE_PRODUCT = YES;
			};
			name = Release;
		};
		B1234567890ABCDEF1234571 /* Debug */ = {
			isa = XCBuildConfiguration;
			buildSettings = {
				ASSETCATALOG_COMPILER_APPICON_NAME = AppIcon;
				ASSETCATALOG_COMPILER_GLOBAL_ACCENT_COLOR_NAME = AccentColor;
				CODE_SIGN_ENTITLEMENTS = "Spheres Multiplatform/Spheres_Multiplatform.entitlements";
				CODE_SIGN_STYLE = Automatic;
				CURRENT_PROJECT_VERSION = 1;
				DEVELOPMENT_ASSET_PATHS = "\"Spheres Multiplatform/Preview Content\"";
				DEVELOPMENT_TEAM = 7RTTC5R7ZQ;
				ENABLE_PREVIEWS = YES;
				GENERATE_INFOPLIST_FILE = YES;
				INFOPLIST_KEY_NSCalendarsUsageDescription = "Spheres needs calendar access to display your events and create time blocks for your loops.";
				INFOPLIST_KEY_NSHumanReadableCopyright = "";
				INFOPLIST_KEY_NSMicrophoneUsageDescription = "Spheres uses the microphone for voice-to-text capture of your thoughts and tasks.";
				INFOPLIST_KEY_NSSpeechRecognitionUsageDescription = "Spheres uses speech recognition to convert your voice into text for quick capture.";
				LD_RUNPATH_SEARCH_PATHS = (
					"$(inherited)",
					"@executable_path/../Frameworks",
				);
				MACOSX_DEPLOYMENT_TARGET = 14.0;
				MARKETING_VERSION = 1.0;
				PRODUCT_BUNDLE_IDENTIFIER = com.naomiivie.SpheresMultiplatform;
				PRODUCT_NAME = "$(TARGET_NAME)";
				SUPPORTED_PLATFORMS = macosx;
				SUPPORTS_MACCATALYST = NO;
				SUPPORTS_MAC_DESIGNED_FOR_IPHONE_IPAD = NO;
				SWIFT_EMIT_LOC_STRINGS = YES;
				SWIFT_VERSION = 5.0;
			};
			name = Debug;
		};
		B1234567890ABCDEF1234572 /* Release */ = {
			isa = XCBuildConfiguration;
			buildSettings = {
				ASSETCATALOG_COMPILER_APPICON_NAME = AppIcon;
				ASSETCATALOG_COMPILER_GLOBAL_ACCENT_COLOR_NAME = AccentColor;
				CODE_SIGN_ENTITLEMENTS = "Spheres Multiplatform/Spheres_Multiplatform.entitlements";
				CODE_SIGN_STYLE = Automatic;
				CURRENT_PROJECT_VERSION = 1;
				DEVELOPMENT_ASSET_PATHS = "\"Spheres Multiplatform/Preview Content\"";
				DEVELOPMENT_TEAM = 7RTTC5R7ZQ;
				ENABLE_PREVIEWS = YES;
				GENERATE_INFOPLIST_FILE = YES;
				INFOPLIST_KEY_NSCalendarsUsageDescription = "Spheres needs calendar access to display your events and create time blocks for your loops.";
				INFOPLIST_KEY_NSHumanReadableCopyright = "";
				INFOPLIST_KEY_NSMicrophoneUsageDescription = "Spheres uses the microphone for voice-to-text capture of your thoughts and tasks.";
				INFOPLIST_KEY_NSSpeechRecognitionUsageDescription = "Spheres uses speech recognition to convert your voice into text for quick capture.";
				LD_RUNPATH_SEARCH_PATHS = (
					"$(inherited)",
					"@executable_path/../Frameworks",
				);
				MACOSX_DEPLOYMENT_TARGET = 14.0;
				MARKETING_VERSION = 1.0;
				PRODUCT_BUNDLE_IDENTIFIER = com.naomiivie.SpheresMultiplatform;
				PRODUCT_NAME = "$(TARGET_NAME)";
				SUPPORTED_PLATFORMS = macosx;
				SUPPORTS_MACCATALYST = NO;
				SUPPORTS_MAC_DESIGNED_FOR_IPHONE_IPAD = NO;
				SWIFT_EMIT_LOC_STRINGS = YES;
				SWIFT_VERSION = 5.0;
			};
			name = Release;
		};
/* End XCBuildConfiguration section */

/* Begin XCConfigurationList section */
		A2F45B122F385BF100D32438 /* Build configuration list for PBXNativeTarget "SpheresWidgetsExtension" */ = {
			isa = XCConfigurationList;
			buildConfigurations = (
				A2F45B132F385BF100D32438 /* Debug */,
				A2F45B142F385BF100D32438 /* Release */,
			);
			defaultConfigurationIsVisible = 0;
			defaultConfigurationName = Release;
		};
		B1234567890ABCDEF1234560 /* Build configuration list for PBXProject "Spheres Multiplatform" */ = {
			isa = XCConfigurationList;
			buildConfigurations = (
				B1234567890ABCDEF123456E /* Debug */,
				B1234567890ABCDEF123456F /* Release */,
			);
			defaultConfigurationIsVisible = 0;
			defaultConfigurationName = Release;
		};
		B1234567890ABCDEF1234570 /* Build configuration list for PBXNativeTarget "Spheres Multiplatform" */ = {
			isa = XCConfigurationList;
			buildConfigurations = (
				B1234567890ABCDEF1234571 /* Debug */,
				B1234567890ABCDEF1234572 /* Release */,
			);
			defaultConfigurationIsVisible = 0;
			defaultConfigurationName = Release;
		};
/* End XCConfigurationList section */
	};
	rootObject = B1234567890ABCDEF123455D /* Project object */;
}
